
Microsoft Visual Studio Solution File, Format Version 12.00
# Visual Studio 15
VisualStudioVersion = 15.0.26430.6
MinimumVisualStudioVersion = 10.0.40219.1
Project("{A0786B88-2ADB-4C21-ABE8-AA2D79766269}") = "ConMiDoctor.Biblioteca", "ConMiDoctor.Biblioteca.phpproj", "{DE31B507-59D9-4D5D-99D7-ACAE47B64E46}"
EndProject
Global
	GlobalSection(SolutionConfigurationPlatforms) = preSolution
		Debug|Any CPU = Debug|Any CPU
		Release|Any CPU = Release|Any CPU
	EndGlobalSection
	GlobalSection(ProjectConfigurationPlatforms) = postSolution
		{DE31B507-59D9-4D5D-99D7-ACAE47B64E46}.Debug|Any CPU.ActiveCfg = Debug|Any CPU
		{DE31B507-59D9-4D5D-99D7-ACAE47B64E46}.Release|Any CPU.ActiveCfg = Release|Any CPU
	EndGlobalSection
	GlobalSection(SolutionProperties) = preSolution
		HideSolutionNode = FALSE
	EndGlobalSection
EndGlobal
